
Microsoft Visual Studio Solution File, Format Version 12.00
# Visual Studio Version 16
VisualStudioVersion = 16.0.30717.126
MinimumVisualStudioVersion = 10.0.40219.1
Project("{9A19103F-16F7-4668-BE54-9A1E7A4F7556}") = "CteleportTechAssignment.API", "CteleportTechAssignment\CteleportTechAssignment.API.csproj", "{1BC8FBC5-688D-4A45-BB41-D85057FD2426}"
EndProject
Project("{9A19103F-16F7-4668-BE54-9A1E7A4F7556}") = "CteleportTechAssignment.Cache", "CteleportTechAssignment.Cache\CteleportTechAssignment.Cache.csproj", "{35DA8656-9652-432A-984F-5E7C5E96CAA4}"
EndProject
Project("{2150E333-8FDC-42A3-9474-1A3956D46DE8}") = "Test", "Test", "{2A713F26-FDD4-496D-807D-F6534924A3E4}"
EndProject
Project("{9A19103F-16F7-4668-BE54-9A1E7A4F7556}") = "CteleportTechAssignment.Test", "CteleportTechAssignment.Test\CteleportTechAssignment.Test.csproj", "{84243676-2139-4BD1-A4D5-82763E73ECBB}"
EndProject
Project("{FAE04EC0-301F-11D3-BF4B-00C04F79EFBC}") = "CteleportTechAssignment.Core", "CteleportTechAssignment.Core\CteleportTechAssignment.Core.csproj", "{2B224C92-BAB5-430F-8675-31FD207F1F0F}"
EndProject
Project("{FAE04EC0-301F-11D3-BF4B-00C04F79EFBC}") = "CteleportTechAssignment.Persistence", "CteleportTechAssignment.Persistence\CteleportTechAssignment.Persistence.csproj", "{BCBA6484-009D-4ECA-9E9A-E288C231855D}"
EndProject
Project("{9A19103F-16F7-4668-BE54-9A1E7A4F7556}") = "CteleportTechAssignment.Application", "CteleportTechAssignment.Application\CteleportTechAssignment.Application.csproj", "{857B7ED7-E936-4FC1-9103-F6E840C672A9}"
EndProject
Global
	GlobalSection(SolutionConfigurationPlatforms) = preSolution
		Debug|Any CPU = Debug|Any CPU
		Release|Any CPU = Release|Any CPU
	EndGlobalSection
	GlobalSection(ProjectConfigurationPlatforms) = postSolution
		{1BC8FBC5-688D-4A45-BB41-D85057FD2426}.Debug|Any CPU.ActiveCfg = Debug|Any CPU
		{1BC8FBC5-688D-4A45-BB41-D85057FD2426}.Debug|Any CPU.Build.0 = Debug|Any CPU
		{1BC8FBC5-688D-4A45-BB41-D85057FD2426}.Release|Any CPU.ActiveCfg = Release|Any CPU
		{1BC8FBC5-688D-4A45-BB41-D85057FD2426}.Release|Any CPU.Build.0 = Release|Any CPU
		{35DA8656-9652-432A-984F-5E7C5E96CAA4}.Debug|Any CPU.ActiveCfg = Debug|Any CPU
		{35DA8656-9652-432A-984F-5E7C5E96CAA4}.Debug|Any CPU.Build.0 = Debug|Any CPU
		{35DA8656-9652-432A-984F-5E7C5E96CAA4}.Release|Any CPU.ActiveCfg = Release|Any CPU
		{35DA8656-9652-432A-984F-5E7C5E96CAA4}.Release|Any CPU.Build.0 = Release|Any CPU
		{84243676-2139-4BD1-A4D5-82763E73ECBB}.Debug|Any CPU.ActiveCfg = Debug|Any CPU
		{84243676-2139-4BD1-A4D5-82763E73ECBB}.Debug|Any CPU.Build.0 = Debug|Any CPU
		{84243676-2139-4BD1-A4D5-82763E73ECBB}.Release|Any CPU.ActiveCfg = Release|Any CPU
		{84243676-2139-4BD1-A4D5-82763E73ECBB}.Release|Any CPU.Build.0 = Release|Any CPU
		{2B224C92-BAB5-430F-8675-31FD207F1F0F}.Debug|Any CPU.ActiveCfg = Debug|Any CPU
		{2B224C92-BAB5-430F-8675-31FD207F1F0F}.Debug|Any CPU.Build.0 = Debug|Any CPU
		{2B224C92-BAB5-430F-8675-31FD207F1F0F}.Release|Any CPU.ActiveCfg = Release|Any CPU
		{2B224C92-BAB5-430F-8675-31FD207F1F0F}.Release|Any CPU.Build.0 = Release|Any CPU
		{BCBA6484-009D-4ECA-9E9A-E288C231855D}.Debug|Any CPU.ActiveCfg = Debug|Any CPU
		{BCBA6484-009D-4ECA-9E9A-E288C231855D}.Debug|Any CPU.Build.0 = Debug|Any CPU
		{BCBA6484-009D-4ECA-9E9A-E288C231855D}.Release|Any CPU.ActiveCfg = Release|Any CPU
		{BCBA6484-009D-4ECA-9E9A-E288C231855D}.Release|Any CPU.Build.0 = Release|Any CPU
		{857B7ED7-E936-4FC1-9103-F6E840C672A9}.Debug|Any CPU.ActiveCfg = Debug|Any CPU
		{857B7ED7-E936-4FC1-9103-F6E840C672A9}.Debug|Any CPU.Build.0 = Debug|Any CPU
		{857B7ED7-E936-4FC1-9103-F6E840C672A9}.Release|Any CPU.ActiveCfg = Release|Any CPU
		{857B7ED7-E936-4FC1-9103-F6E840C672A9}.Release|Any CPU.Build.0 = Release|Any CPU
	EndGlobalSection
	GlobalSection(SolutionProperties) = preSolution
		HideSolutionNode = FALSE
	EndGlobalSection
	GlobalSection(NestedProjects) = preSolution
		{84243676-2139-4BD1-A4D5-82763E73ECBB} = {2A713F26-FDD4-496D-807D-F6534924A3E4}
	EndGlobalSection
	GlobalSection(ExtensibilityGlobals) = postSolution
		SolutionGuid = {66364CFF-D914-40B3-9B13-A0C92C2A211B}
	EndGlobalSection
EndGlobal
